// !$*UTF8*$!
{
	archiveVersion = 1;
	classes = {
	};
	objectVersion = 46;
	objects = {

/* Begin PBXBuildFile section */
		38087F18B87129FB13574DB9 /* Pods_CourseRater.framework in Frameworks */ = {isa = PBXBuildFile; fileRef = 5C5CEA62F7D966E59B894F37 /* Pods_CourseRater.framework */; };
		D566D6C11C7675C7008AA87D /* AppDelegate.swift in Sources */ = {isa = PBXBuildFile; fileRef = D566D6C01C7675C7008AA87D /* AppDelegate.swift */; };
		D566D6C31C7675C7008AA87D /* ViewController.swift in Sources */ = {isa = PBXBuildFile; fileRef = D566D6C21C7675C7008AA87D /* ViewController.swift */; };
		D566D6C61C7675C7008AA87D /* Main.storyboard in Resources */ = {isa = PBXBuildFile; fileRef = D566D6C41C7675C7008AA87D /* Main.storyboard */; };
		D566D6C81C7675C7008AA87D /* Assets.xcassets in Resources */ = {isa = PBXBuildFile; fileRef = D566D6C71C7675C7008AA87D /* Assets.xcassets */; };
		D566D6CB1C7675C7008AA87D /* LaunchScreen.storyboard in Resources */ = {isa = PBXBuildFile; fileRef = D566D6C91C7675C7008AA87D /* LaunchScreen.storyboard */; };
		D5C824C51C829EA3003F6797 /* AddphotoViewController.swift in Sources */ = {isa = PBXBuildFile; fileRef = D5C824C41C829EA3003F6797 /* AddphotoViewController.swift */; };
		D5C824C71C82AA65003F6797 /* HomeViewController.swift in Sources */ = {isa = PBXBuildFile; fileRef = D5C824C61C82AA65003F6797 /* HomeViewController.swift */; };
		D5C824C91C82AA8F003F6797 /* photoCell.swift in Sources */ = {isa = PBXBuildFile; fileRef = D5C824C81C82AA8F003F6797 /* photoCell.swift */; };
		D5C824CB1C82AAA7003F6797 /* ProfileViewCellViewController.swift in Sources */ = {isa = PBXBuildFile; fileRef = D5C824CA1C82AAA7003F6797 /* ProfileViewCellViewController.swift */; };
/* End PBXBuildFile section */

/* Begin PBXFileReference section */
		5C5CEA62F7D966E59B894F37 /* Pods_CourseRater.framework */ = {isa = PBXFileReference; explicitFileType = wrapper.framework; includeInIndex = 0; path = Pods_CourseRater.framework; sourceTree = BUILT_PRODUCTS_DIR; };
		D1032B941FD804B765693161 /* Pods-CourseRater.release.xcconfig */ = {isa = PBXFileReference; includeInIndex = 1; lastKnownFileType = text.xcconfig; name = "Pods-CourseRater.release.xcconfig"; path = "Pods/Target Support Files/Pods-CourseRater/Pods-CourseRater.release.xcconfig"; sourceTree = "<group>"; };
		D566D6BD1C7675C7008AA87D /* CourseRater.app */ = {isa = PBXFileReference; explicitFileType = wrapper.application; includeInIndex = 0; path = CourseRater.app; sourceTree = BUILT_PRODUCTS_DIR; };
		D566D6C01C7675C7008AA87D /* AppDelegate.swift */ = {isa = PBXFileReference; lastKnownFileType = sourcecode.swift; path = AppDelegate.swift; sourceTree = "<group>"; };
		D566D6C21C7675C7008AA87D /* ViewController.swift */ = {isa = PBXFileReference; lastKnownFileType = sourcecode.swift; path = ViewController.swift; sourceTree = "<group>"; };
		D566D6C51C7675C7008AA87D /* Base */ = {isa = PBXFileReference; lastKnownFileType = file.storyboard; name = Base; path = Base.lproj/Main.storyboard; sourceTree = "<group>"; };
		D566D6C71C7675C7008AA87D /* Assets.xcassets */ = {isa = PBXFileReference; lastKnownFileType = folder.assetcatalog; path = Assets.xcassets; sourceTree = "<group>"; };
		D566D6CA1C7675C7008AA87D /* Base */ = {isa = PBXFileReference; lastKnownFileType = file.storyboard; name = Base; path = Base.lproj/LaunchScreen.storyboard; sourceTree = "<group>"; };
		D566D6CC1C7675C7008AA87D /* Info.plist */ = {isa = PBXFileReference; lastKnownFileType = text.plist.xml; path = Info.plist; sourceTree = "<group>"; };
		D5C824C41C829EA3003F6797 /* AddphotoViewController.swift */ = {isa = PBXFileReference; fileEncoding = 4; lastKnownFileType = sourcecode.swift; path = AddphotoViewController.swift; sourceTree = "<group>"; };
		D5C824C61C82AA65003F6797 /* HomeViewController.swift */ = {isa = PBXFileReference; fileEncoding = 4; lastKnownFileType = sourcecode.swift; path = HomeViewController.swift; sourceTree = "<group>"; };
		D5C824C81C82AA8F003F6797 /* photoCell.swift */ = {isa = PBXFileReference; fileEncoding = 4; lastKnownFileType = sourcecode.swift; path = photoCell.swift; sourceTree = "<group>"; };
		D5C824CA1C82AAA7003F6797 /* ProfileViewCellViewController.swift */ = {isa = PBXFileReference; fileEncoding = 4; lastKnownFileType = sourcecode.swift; path = ProfileViewCellViewController.swift; sourceTree = "<group>"; };
		DEFDBEE71B4975FFF95E4042 /* Pods-CourseRater.debug.xcconfig */ = {isa = PBXFileReference; includeInIndex = 1; lastKnownFileType = text.xcconfig; name = "Pods-CourseRater.debug.xcconfig"; path = "Pods/Target Support Files/Pods-CourseRater/Pods-CourseRater.debug.xcconfig"; sourceTree = "<group>"; };
/* End PBXFileReference section */

/* Begin PBXFrameworksBuildPhase section */
		D566D6BA1C7675C7008AA87D /* Frameworks */ = {
			isa = PBXFrameworksBuildPhase;
			buildActionMask = 2147483647;
			files = (
				38087F18B87129FB13574DB9 /* Pods_CourseRater.framework in Frameworks */,
			);
			runOnlyForDeploymentPostprocessing = 0;
		};
/* End PBXFrameworksBuildPhase section */

/* Begin PBXGroup section */
		09D8406FFA0F3FE2AF5A16A8 /* Pods */ = {
			isa = PBXGroup;
			children = (
				DEFDBEE71B4975FFF95E4042 /* Pods-CourseRater.debug.xcconfig */,
				D1032B941FD804B765693161 /* Pods-CourseRater.release.xcconfig */,
			);
			name = Pods;
			sourceTree = "<group>";
		};
		0DEE9874856DB8B49B9AB65D /* Frameworks */ = {
			isa = PBXGroup;
			children = (
				5C5CEA62F7D966E59B894F37 /* Pods_CourseRater.framework */,
			);
			name = Frameworks;
			sourceTree = "<group>";
		};
		D566D6B41C7675C7008AA87D = {
			isa = PBXGroup;
			children = (
				D566D6BF1C7675C7008AA87D /* CourseRater */,
				D566D6BE1C7675C7008AA87D /* Products */,
				09D8406FFA0F3FE2AF5A16A8 /* Pods */,
				0DEE9874856DB8B49B9AB65D /* Frameworks */,
			);
			sourceTree = "<group>";
		};
		D566D6BE1C7675C7008AA87D /* Products */ = {
			isa = PBXGroup;
			children = (
				D566D6BD1C7675C7008AA87D /* CourseRater.app */,
			);
			name = Products;
			sourceTree = "<group>";
		};
		D566D6BF1C7675C7008AA87D /* CourseRater */ = {
			isa = PBXGroup;
			children = (
				D566D6C01C7675C7008AA87D /* AppDelegate.swift */,
				D566D6C21C7675C7008AA87D /* ViewController.swift */,
				D566D6C41C7675C7008AA87D /* Main.storyboard */,
				D5C824C61C82AA65003F6797 /* HomeViewController.swift */,
				D5C824C81C82AA8F003F6797 /* photoCell.swift */,
				D5C824CA1C82AAA7003F6797 /* ProfileViewCellViewController.swift */,
				D5C824C41C829EA3003F6797 /* AddphotoViewController.swift */,
				D566D6C71C7675C7008AA87D /* Assets.xcassets */,
				D566D6C91C7675C7008AA87D /* LaunchScreen.storyboard */,
				D566D6CC1C7675C7008AA87D /* Info.plist */,
			);
			path = CourseRater;
			sourceTree = "<group>";
		};
/* End PBXGroup section */

/* Begin PBXNativeTarget section */
		D566D6BC1C7675C7008AA87D /* CourseRater */ = {
			isa = PBXNativeTarget;
			buildConfigurationList = D566D6CF1C7675C7008AA87D /* Build configuration list for PBXNativeTarget "CourseRater" */;
			buildPhases = (
				33B44246A306E90597D67981 /* Check Pods Manifest.lock */,
				D566D6B91C7675C7008AA87D /* Sources */,
				D566D6BA1C7675C7008AA87D /* Frameworks */,
				D566D6BB1C7675C7008AA87D /* Resources */,
				AB45284FE23B9FDD22B766E8 /* Embed Pods Frameworks */,
				417F90610EC20149ED170A7D /* Copy Pods Resources */,
			);
			buildRules = (
			);
			dependencies = (
			);
			name = CourseRater;
			productName = CourseRater;
			productReference = D566D6BD1C7675C7008AA87D /* CourseRater.app */;
			productType = "com.apple.product-type.application";
		};
/* End PBXNativeTarget section */

/* Begin PBXProject section */
		D566D6B51C7675C7008AA87D /* Project object */ = {
			isa = PBXProject;
			attributes = {
				LastSwiftUpdateCheck = 0720;
				LastUpgradeCheck = 0720;
				ORGANIZATIONNAME = CodeMonkey;
				TargetAttributes = {
					D566D6BC1C7675C7008AA87D = {
						CreatedOnToolsVersion = 7.2;
						LastSwiftMigration = 0820;
					};
				};
			};
			buildConfigurationList = D566D6B81C7675C7008AA87D /* Build configuration list for PBXProject "instagram-scratch-master-2" */;
			compatibilityVersion = "Xcode 3.2";
			developmentRegion = English;
			hasScannedForEncodings = 0;
			knownRegions = (
				en,
				Base,
			);
			mainGroup = D566D6B41C7675C7008AA87D;
			productRefGroup = D566D6BE1C7675C7008AA87D /* Products */;
			projectDirPath = "";
			projectRoot = "";
			targets = (
				D566D6BC1C7675C7008AA87D /* CourseRater */,
			);
		};
/* End PBXProject section */

/* Begin PBXResourcesBuildPhase section */
		D566D6BB1C7675C7008AA87D /* Resources */ = {
			isa = PBXResourcesBuildPhase;
			buildActionMask = 2147483647;
			files = (
				D566D6CB1C7675C7008AA87D /* LaunchScreen.storyboard in Resources */,
				D566D6C81C7675C7008AA87D /* Assets.xcassets in Resources */,
				D566D6C61C7675C7008AA87D /* Main.storyboard in Resources */,
			);
			runOnlyForDeploymentPostprocessing = 0;
		};
/* End PBXResourcesBuildPhase section */

/* Begin PBXShellScriptBuildPhase section */
		33B44246A306E90597D67981 /* Check Pods Manifest.lock */ = {
			isa = PBXShellScriptBuildPhase;
			buildActionMask = 2147483647;
			files = (
			);
			inputPaths = (
			);
			name = "Check Pods Manifest.lock";
			outputPaths = (
			);
			runOnlyForDeploymentPostprocessing = 0;
			shellPath = /bin/sh;
			shellScript = "diff \"${PODS_ROOT}/../Podfile.lock\" \"${PODS_ROOT}/Manifest.lock\" > /dev/null\nif [[ $? != 0 ]] ; then\n    cat << EOM\nerror: The sandbox is not in sync with the Podfile.lock. Run 'pod install' or update your CocoaPods installation.\nEOM\n    exit 1\nfi\n";
			showEnvVarsInLog = 0;
		};
		417F90610EC20149ED170A7D /* Copy Pods Resources */ = {
			isa = PBXShellScriptBuildPhase;
			buildActionMask = 2147483647;
			files = (
			);
			inputPaths = (
			);
			name = "Copy Pods Resources";
			outputPaths = (
			);
			runOnlyForDeploymentPostprocessing = 0;
			shellPath = /bin/sh;
			shellScript = "\"${SRCROOT}/Pods/Target Support Files/Pods-CourseRater/Pods-CourseRater-resources.sh\"\n";
			showEnvVarsInLog = 0;
		};
		AB45284FE23B9FDD22B766E8 /* Embed Pods Frameworks */ = {
			isa = PBXShellScriptBuildPhase;
			buildActionMask = 2147483647;
			files = (
			);
			inputPaths = (
			);
			name = "Embed Pods Frameworks";
			outputPaths = (
			);
			runOnlyForDeploymentPostprocessing = 0;
			shellPath = /bin/sh;
			shellScript = "\"${SRCROOT}/Pods/Target Support Files/Pods-CourseRater/Pods-CourseRater-frameworks.sh\"\n";
			showEnvVarsInLog = 0;
		};
/* End PBXShellScriptBuildPhase section */

/* Begin PBXSourcesBuildPhase section */
		D566D6B91C7675C7008AA87D /* Sources */ = {
			isa = PBXSourcesBuildPhase;
			buildActionMask = 2147483647;
			files = (
				D5C824C91C82AA8F003F6797 /* photoCell.swift in Sources */,
				D5C824C51C829EA3003F6797 /* AddphotoViewController.swift in Sources */,
				D566D6C31C7675C7008AA87D /* ViewController.swift in Sources */,
				D566D6C11C7675C7008AA87D /* AppDelegate.swift in Sources */,
				D5C824C71C82AA65003F6797 /* HomeViewController.swift in Sources */,
				D5C824CB1C82AAA7003F6797 /* ProfileViewCellViewController.swift in Sources */,
			);
			runOnlyForDeploymentPostprocessing = 0;
		};
/* End PBXSourcesBuildPhase section */

/* Begin PBXVariantGroup section */
		D566D6C41C7675C7008AA87D /* Main.storyboard */ = {
			isa = PBXVariantGroup;
			children = (
				D566D6C51C7675C7008AA87D /* Base */,
			);
			name = Main.storyboard;
			sourceTree = "<group>";
		};
		D566D6C91C7675C7008AA87D /* LaunchScreen.storyboard */ = {
			isa = PBXVariantGroup;
			children = (
				D566D6CA1C7675C7008AA87D /* Base */,
			);
			name = LaunchScreen.storyboard;
			sourceTree = "<group>";
		};
/* End PBXVariantGroup section */

/* Begin XCBuildConfiguration section */
		D566D6CD1C7675C7008AA87D /* Debug */ = {
			isa = XCBuildConfiguration;
			buildSettings = {
				ALWAYS_SEARCH_USER_PATHS = NO;
				CLANG_CXX_LANGUAGE_STANDARD = "gnu++0x";
				CLANG_CXX_LIBRARY = "libc++";
				CLANG_ENABLE_MODULES = YES;
				CLANG_ENABLE_OBJC_ARC = YES;
				CLANG_WARN_BOOL_CONVERSION = YES;
				CLANG_WARN_CONSTANT_CONVERSION = YES;
				CLANG_WARN_DIRECT_OBJC_ISA_USAGE = YES_ERROR;
				CLANG_WARN_EMPTY_BODY = YES;
				CLANG_WARN_ENUM_CONVERSION = YES;
				CLANG_WARN_INT_CONVERSION = YES;
				CLANG_WARN_OBJC_ROOT_CLASS = YES_ERROR;
				CLANG_WARN_UNREACHABLE_CODE = YES;
				CLANG_WARN__DUPLICATE_METHOD_MATCH = YES;
				"CODE_SIGN_IDENTITY[sdk=iphoneos*]" = "iPhone Developer";
				COPY_PHASE_STRIP = NO;
				DEBUG_INFORMATION_FORMAT = dwarf;
				ENABLE_STRICT_OBJC_MSGSEND = YES;
				ENABLE_TESTABILITY = YES;
				GCC_C_LANGUAGE_STANDARD = gnu99;
				GCC_DYNAMIC_NO_PIC = NO;
				GCC_NO_COMMON_BLOCKS = YES;
				GCC_OPTIMIZATION_LEVEL = 0;
				GCC_PREPROCESSOR_DEFINITIONS = (
					"DEBUG=1",
					"$(inherited)",
				);
				GCC_WARN_64_TO_32_BIT_CONVERSION = YES;
				GCC_WARN_ABOUT_RETURN_TYPE = YES_ERROR;
				GCC_WARN_UNDECLARED_SELECTOR = YES;
				GCC_WARN_UNINITIALIZED_AUTOS = YES_AGGRESSIVE;
				GCC_WARN_UNUSED_FUNCTION = YES;
				GCC_WARN_UNUSED_VARIABLE = YES;
				IPHONEOS_DEPLOYMENT_TARGET = 9.2;
				MTL_ENABLE_DEBUG_INFO = YES;
				ONLY_ACTIVE_ARCH = YES;
				SDKROOT = iphoneos;
				SWIFT_OPTIMIZATION_LEVEL = "-Onone";
			};
			name = Debug;
		};
		D566D6CE1C7675C7008AA87D /* Release */ = {
			isa = XCBuildConfiguration;
			buildSettings = {
				ALWAYS_SEARCH_USER_PATHS = NO;
				CLANG_CXX_LANGUAGE_STANDARD = "gnu++0x";
				CLANG_CXX_LIBRARY = "libc++";
				CLANG_ENABLE_MODULES = YES;
				CLANG_ENABLE_OBJC_ARC = YES;
				CLANG_WARN_BOOL_CONVERSION = YES;
				CLANG_WARN_CONSTANT_CONVERSION = YES;
				CLANG_WARN_DIRECT_OBJC_ISA_USAGE = YES_ERROR;
				CLANG_WARN_EMPTY_BODY = YES;
				CLANG_WARN_ENUM_CONVERSION = YES;
				CLANG_WARN_INT_CONVERSION = YES;
				CLANG_WARN_OBJC_ROOT_CLASS = YES_ERROR;
				CLANG_WARN_UNREACHABLE_CODE = YES;
				CLANG_WARN__DUPLICATE_METHOD_MATCH = YES;
				"CODE_SIGN_IDENTITY[sdk=iphoneos*]" = "iPhone Developer";
				COPY_PHASE_STRIP = NO;
				DEBUG_INFORMATION_FORMAT = "dwarf-with-dsym";
				ENABLE_NS_ASSERTIONS = NO;
				ENABLE_STRICT_OBJC_MSGSEND = YES;
				GCC_C_LANGUAGE_STANDARD = gnu99;
				GCC_NO_COMMON_BLOCKS = YES;
				GCC_WARN_64_TO_32_BIT_CONVERSION = YES;
				GCC_WARN_ABOUT_RETURN_TYPE = YES_ERROR;
				GCC_WARN_UNDECLARED_SELECTOR = YES;
				GCC_WARN_UNINITIALIZED_AUTOS = YES_AGGRESSIVE;
				GCC_WARN_UNUSED_FUNCTION = YES;
				GCC_WARN_UNUSED_VARIABLE = YES;
				IPHONEOS_DEPLOYMENT_TARGET = 9.2;
				MTL_ENABLE_DEBUG_INFO = NO;
				SDKROOT = iphoneos;
				VALIDATE_PRODUCT = YES;
			};
			name = Release;
		};
		D566D6D01C7675C7008AA87D /* Debug */ = {
			isa = XCBuildConfiguration;
			baseConfigurationReference = DEFDBEE71B4975FFF95E4042 /* Pods-CourseRater.debug.xcconfig */;
			buildSettings = {
				ASSETCATALOG_COMPILER_APPICON_NAME = AppIcon;
				INFOPLIST_FILE = CourseRater/Info.plist;
				LD_RUNPATH_SEARCH_PATHS = "$(inherited) @executable_path/Frameworks";
				PRODUCT_BUNDLE_IDENTIFIER = us.faceapp.CourseRater;
				PRODUCT_NAME = "$(TARGET_NAME)";
				SWIFT_VERSION = 3.0;
			};
			name = Debug;
		};
		D566D6D11C7675C7008AA87D /* Release */ = {
			isa = XCBuildConfiguration;
			baseConfigurationReference = D1032B941FD804B765693161 /* Pods-CourseRater.release.xcconfig */;
			buildSettings = {
				ASSETCATALOG_COMPILER_APPICON_NAME = AppIcon;
				INFOPLIST_FILE = CourseRater/Info.plist;
				LD_RUNPATH_SEARCH_PATHS = "$(inherited) @executable_path/Frameworks";
				PRODUCT_BUNDLE_IDENTIFIER = us.faceapp.CourseRater;
				PRODUCT_NAME = "$(TARGET_NAME)";
				SWIFT_VERSION = 3.0;
			};
			name = Release;
		};
/* End XCBuildConfiguration section */

/* Begin XCConfigurationList section */
		D566D6B81C7675C7008AA87D /* Build configuration list for PBXProject "instagram-scratch-master-2" */ = {
			isa = XCConfigurationList;
			buildConfigurations = (
				D566D6CD1C7675C7008AA87D /* Debug */,
				D566D6CE1C7675C7008AA87D /* Release */,
			);
			defaultConfigurationIsVisible = 0;
			defaultConfigurationName = Release;
		};
		D566D6CF1C7675C7008AA87D /* Build configuration list for PBXNativeTarget "CourseRater" */ = {
			isa = XCConfigurationList;
			buildConfigurations = (
				D566D6D01C7675C7008AA87D /* Debug */,
				D566D6D11C7675C7008AA87D /* Release */,
			);
			defaultConfigurationIsVisible = 0;
			defaultConfigurationName = Release;
		};
/* End XCConfigurationList section */
	};
	rootObject = D566D6B51C7675C7008AA87D /* Project object */;
}
